// !$*UTF8*$!
{
	archiveVersion = 1;
	classes = {
	};
	objectVersion = 51;
	objects = {

/* Begin PBXBuildFile section */
		0426061A23DA4C91005D2608 /* ArtistTableViewCell.swift in Sources */ = {isa = PBXBuildFile; fileRef = 0426061823DA4C91005D2608 /* ArtistTableViewCell.swift */; };
		0426061B23DA4C91005D2608 /* ArtistTableViewCell.xib in Resources */ = {isa = PBXBuildFile; fileRef = 0426061923DA4C91005D2608 /* ArtistTableViewCell.xib */; };
		0426061D23DA5B7A005D2608 /* Artist.swift in Sources */ = {isa = PBXBuildFile; fileRef = 0426061C23DA5B7A005D2608 /* Artist.swift */; };
		0426062423DB3144005D2608 /* AlbumsResponseModel.swift in Sources */ = {isa = PBXBuildFile; fileRef = 0426062323DB3143005D2608 /* AlbumsResponseModel.swift */; };
		0426062623DB32A2005D2608 /* AlbumsParameters.swift in Sources */ = {isa = PBXBuildFile; fileRef = 0426062523DB32A2005D2608 /* AlbumsParameters.swift */; };
		0426062923DB33DA005D2608 /* AlbumsViewController.swift in Sources */ = {isa = PBXBuildFile; fileRef = 0426062723DB33DA005D2608 /* AlbumsViewController.swift */; };
		0426062A23DB33DA005D2608 /* AlbumsViewController.xib in Resources */ = {isa = PBXBuildFile; fileRef = 0426062823DB33DA005D2608 /* AlbumsViewController.xib */; };
		0426062D23DB3407005D2608 /* BaseAlbumsViewController.swift in Sources */ = {isa = PBXBuildFile; fileRef = 0426062C23DB3407005D2608 /* BaseAlbumsViewController.swift */; };
		0426062F23DB36E4005D2608 /* AlbumsViewModel.swift in Sources */ = {isa = PBXBuildFile; fileRef = 0426062E23DB36E4005D2608 /* AlbumsViewModel.swift */; };
		0426063123DB371B005D2608 /* Album.swift in Sources */ = {isa = PBXBuildFile; fileRef = 0426063023DB371B005D2608 /* Album.swift */; };
		0426063523DB40FD005D2608 /* AlbumTableViewCell.swift in Sources */ = {isa = PBXBuildFile; fileRef = 0426063323DB40FD005D2608 /* AlbumTableViewCell.swift */; };
		0426063623DB40FD005D2608 /* AlbumTableViewCell.xib in Resources */ = {isa = PBXBuildFile; fileRef = 0426063423DB40FD005D2608 /* AlbumTableViewCell.xib */; };
		0426063923DB4319005D2608 /* AlbumsBuilder.swift in Sources */ = {isa = PBXBuildFile; fileRef = 0426063823DB4319005D2608 /* AlbumsBuilder.swift */; };
		0426064023DB6CD0005D2608 /* AlbumDetailsResponseModel.swift in Sources */ = {isa = PBXBuildFile; fileRef = 0426063F23DB6CD0005D2608 /* AlbumDetailsResponseModel.swift */; };
		0426064223DB7412005D2608 /* AlbumDetailsParameters.swift in Sources */ = {isa = PBXBuildFile; fileRef = 0426064123DB7412005D2608 /* AlbumDetailsParameters.swift */; };
		0426064423DB7610005D2608 /* LocalAlbumModel.swift in Sources */ = {isa = PBXBuildFile; fileRef = 0426064323DB7610005D2608 /* LocalAlbumModel.swift */; };
		0426064623DB7C58005D2608 /* AlbumDetailsViewModel.swift in Sources */ = {isa = PBXBuildFile; fileRef = 0426064523DB7C58005D2608 /* AlbumDetailsViewModel.swift */; };
		0426064823DB7C77005D2608 /* AlbumsDetialsRepository.swift in Sources */ = {isa = PBXBuildFile; fileRef = 0426064723DB7C77005D2608 /* AlbumsDetialsRepository.swift */; };
		0426064B23DBCD5F005D2608 /* AlbumDetailsViewController.swift in Sources */ = {isa = PBXBuildFile; fileRef = 0426064923DBCD5F005D2608 /* AlbumDetailsViewController.swift */; };
		0426064C23DBCD5F005D2608 /* AlbumDetailsViewController.xib in Resources */ = {isa = PBXBuildFile; fileRef = 0426064A23DBCD5F005D2608 /* AlbumDetailsViewController.xib */; };
		0426064F23DBD31C005D2608 /* TrackCollectionViewCell.swift in Sources */ = {isa = PBXBuildFile; fileRef = 0426064D23DBD31C005D2608 /* TrackCollectionViewCell.swift */; };
		0426065023DBD31C005D2608 /* TrackCollectionViewCell.xib in Resources */ = {isa = PBXBuildFile; fileRef = 0426064E23DBD31C005D2608 /* TrackCollectionViewCell.xib */; };
		0426065323DBDF97005D2608 /* AlbumsDetailsBuilder.swift in Sources */ = {isa = PBXBuildFile; fileRef = 0426065223DBDF97005D2608 /* AlbumsDetailsBuilder.swift */; };
		046BAD4623D9EA72001D2CE1 /* RequestFactory.swift in Sources */ = {isa = PBXBuildFile; fileRef = 046BAD4523D9EA72001D2CE1 /* RequestFactory.swift */; };
		046BAD4823D9EB4F001D2CE1 /* DataProvider.swift in Sources */ = {isa = PBXBuildFile; fileRef = 046BAD4723D9EB4F001D2CE1 /* DataProvider.swift */; };
		046BAD5023D9EEB5001D2CE1 /* SearchArtistViewController.swift in Sources */ = {isa = PBXBuildFile; fileRef = 046BAD4E23D9EEB5001D2CE1 /* SearchArtistViewController.swift */; };
		046BAD5123D9EEB5001D2CE1 /* SearchArtistViewController.xib in Resources */ = {isa = PBXBuildFile; fileRef = 046BAD4F23D9EEB5001D2CE1 /* SearchArtistViewController.xib */; };
		046BAD8F23D9F6CE001D2CE1 /* SceneDelegate.swift in Sources */ = {isa = PBXBuildFile; fileRef = 046BAD8E23D9F6CE001D2CE1 /* SceneDelegate.swift */; };
		046BAD9723D9FF3D001D2CE1 /* UICollectionViewExtension.swift in Sources */ = {isa = PBXBuildFile; fileRef = 046BAD9523D9FF3C001D2CE1 /* UICollectionViewExtension.swift */; };
		046BAD9823D9FF3D001D2CE1 /* UITableViewExtension.swift in Sources */ = {isa = PBXBuildFile; fileRef = 046BAD9623D9FF3C001D2CE1 /* UITableViewExtension.swift */; };
		046BAD9B23DA0058001D2CE1 /* SearchArtistBuilder.swift in Sources */ = {isa = PBXBuildFile; fileRef = 046BAD9A23DA0058001D2CE1 /* SearchArtistBuilder.swift */; };
		046BAD9D23DA00B3001D2CE1 /* SearchArtistViewModel.swift in Sources */ = {isa = PBXBuildFile; fileRef = 046BAD9C23DA00B3001D2CE1 /* SearchArtistViewModel.swift */; };
		046BADA023DA03E0001D2CE1 /* Constants.swift in Sources */ = {isa = PBXBuildFile; fileRef = 046BAD9F23DA03E0001D2CE1 /* Constants.swift */; };
		046BADA223DA0856001D2CE1 /* SearchArtistParameters.swift in Sources */ = {isa = PBXBuildFile; fileRef = 046BADA123DA0856001D2CE1 /* SearchArtistParameters.swift */; };
		046BADA423DA0901001D2CE1 /* SwiftTypeExtension.swift in Sources */ = {isa = PBXBuildFile; fileRef = 046BADA323DA0901001D2CE1 /* SwiftTypeExtension.swift */; };
		046BADA623DA0B0B001D2CE1 /* ArtistResponseModel.swift in Sources */ = {isa = PBXBuildFile; fileRef = 046BADA523DA0B0B001D2CE1 /* ArtistResponseModel.swift */; };
		0472049523D7B4E00086B7B0 /* AppDelegate.swift in Sources */ = {isa = PBXBuildFile; fileRef = 0472049423D7B4E00086B7B0 /* AppDelegate.swift */; };
		0472049B23D7B4E20086B7B0 /* Assets.xcassets in Resources */ = {isa = PBXBuildFile; fileRef = 0472049A23D7B4E20086B7B0 /* Assets.xcassets */; };
		047204A123D7B4E20086B7B0 /* LaunchScreen.storyboard in Resources */ = {isa = PBXBuildFile; fileRef = 0472049F23D7B4E20086B7B0 /* LaunchScreen.storyboard */; };
		047204AC23D7B4E20086B7B0 /* LastFMTests.swift in Sources */ = {isa = PBXBuildFile; fileRef = 047204AB23D7B4E20086B7B0 /* LastFMTests.swift */; };
		047204B723D7B4E20086B7B0 /* LastFMUITests.swift in Sources */ = {isa = PBXBuildFile; fileRef = 047204B623D7B4E20086B7B0 /* LastFMUITests.swift */; };
		0488789D23DA3A8A00290EAF /* BaseSearchArtistViewController.swift in Sources */ = {isa = PBXBuildFile; fileRef = 0488789C23DA3A8A00290EAF /* BaseSearchArtistViewController.swift */; };
		04EE185323D900E900F1E4B3 /* ErrorTypes.swift in Sources */ = {isa = PBXBuildFile; fileRef = 04EE185223D900E900F1E4B3 /* ErrorTypes.swift */; };
		04EE185523D9012000F1E4B3 /* RequestMethod.swift in Sources */ = {isa = PBXBuildFile; fileRef = 04EE185423D9012000F1E4B3 /* RequestMethod.swift */; };
		04EE185723D901E200F1E4B3 /* RequestHandlerProtocol.swift in Sources */ = {isa = PBXBuildFile; fileRef = 04EE185623D901E200F1E4B3 /* RequestHandlerProtocol.swift */; };
		04EE185923D9025400F1E4B3 /* ErrorModel.swift in Sources */ = {isa = PBXBuildFile; fileRef = 04EE185823D9025400F1E4B3 /* ErrorModel.swift */; };
		04EE185B23D9028500F1E4B3 /* ResultModel.swift in Sources */ = {isa = PBXBuildFile; fileRef = 04EE185A23D9028500F1E4B3 /* ResultModel.swift */; };
		04EE186123D903E300F1E4B3 /* NetworkManagerProtocol.swift in Sources */ = {isa = PBXBuildFile; fileRef = 04EE186023D903E300F1E4B3 /* NetworkManagerProtocol.swift */; };
		04EE186323D9062700F1E4B3 /* CachingManagerProtocol.swift in Sources */ = {isa = PBXBuildFile; fileRef = 04EE186223D9062700F1E4B3 /* CachingManagerProtocol.swift */; };
		04EE186523D9077500F1E4B3 /* ParserHandlerProtocol.swift in Sources */ = {isa = PBXBuildFile; fileRef = 04EE186423D9077500F1E4B3 /* ParserHandlerProtocol.swift */; };
		04EE186723D907BA00F1E4B3 /* CodableParserManager.swift in Sources */ = {isa = PBXBuildFile; fileRef = 04EE186623D907BA00F1E4B3 /* CodableParserManager.swift */; };
		04EE186923D9089D00F1E4B3 /* AlamofireApiClientManager.swift in Sources */ = {isa = PBXBuildFile; fileRef = 04EE186823D9089D00F1E4B3 /* AlamofireApiClientManager.swift */; };
		04EE186B23D909C900F1E4B3 /* RealmCachingManager.swift in Sources */ = {isa = PBXBuildFile; fileRef = 04EE186A23D909C900F1E4B3 /* RealmCachingManager.swift */; };
		723327585D7F7B2558661E14 /* Pods_LastFM.framework in Frameworks */ = {isa = PBXBuildFile; fileRef = BA8935F1C12E6EDB9498B913 /* Pods_LastFM.framework */; };
		BCF5FE3329A02AF65C3E9B27 /* Pods_LastFMTests.framework in Frameworks */ = {isa = PBXBuildFile; fileRef = 156063B18FBE66E9575D134C /* Pods_LastFMTests.framework */; };
		CD9CA0A56FA28C08D8699CDD /* Pods_LastFM_LastFMUITests.framework in Frameworks */ = {isa = PBXBuildFile; fileRef = 2398460075EAA83D591B2CE6 /* Pods_LastFM_LastFMUITests.framework */; };
/* End PBXBuildFile section */

/* Begin PBXContainerItemProxy section */
		047204A823D7B4E20086B7B0 /* PBXContainerItemProxy */ = {
			isa = PBXContainerItemProxy;
			containerPortal = 0472048923D7B4E00086B7B0 /* Project object */;
			proxyType = 1;
			remoteGlobalIDString = 0472049023D7B4E00086B7B0;
			remoteInfo = LastFM;
		};
		047204B323D7B4E20086B7B0 /* PBXContainerItemProxy */ = {
			isa = PBXContainerItemProxy;
			containerPortal = 0472048923D7B4E00086B7B0 /* Project object */;
			proxyType = 1;
			remoteGlobalIDString = 0472049023D7B4E00086B7B0;
			remoteInfo = LastFM;
		};
/* End PBXContainerItemProxy section */

/* Begin PBXFileReference section */
		0426061823DA4C91005D2608 /* ArtistTableViewCell.swift */ = {isa = PBXFileReference; lastKnownFileType = sourcecode.swift; path = ArtistTableViewCell.swift; sourceTree = "<group>"; };
		0426061923DA4C91005D2608 /* ArtistTableViewCell.xib */ = {isa = PBXFileReference; lastKnownFileType = file.xib; path = ArtistTableViewCell.xib; sourceTree = "<group>"; };
		0426061C23DA5B7A005D2608 /* Artist.swift */ = {isa = PBXFileReference; lastKnownFileType = sourcecode.swift; path = Artist.swift; sourceTree = "<group>"; };
		0426062323DB3143005D2608 /* AlbumsResponseModel.swift */ = {isa = PBXFileReference; lastKnownFileType = sourcecode.swift; path = AlbumsResponseModel.swift; sourceTree = "<group>"; };
		0426062523DB32A2005D2608 /* AlbumsParameters.swift */ = {isa = PBXFileReference; lastKnownFileType = sourcecode.swift; path = AlbumsParameters.swift; sourceTree = "<group>"; };
		0426062723DB33DA005D2608 /* AlbumsViewController.swift */ = {isa = PBXFileReference; lastKnownFileType = sourcecode.swift; path = AlbumsViewController.swift; sourceTree = "<group>"; };
		0426062823DB33DA005D2608 /* AlbumsViewController.xib */ = {isa = PBXFileReference; lastKnownFileType = file.xib; path = AlbumsViewController.xib; sourceTree = "<group>"; };
		0426062C23DB3407005D2608 /* BaseAlbumsViewController.swift */ = {isa = PBXFileReference; lastKnownFileType = sourcecode.swift; path = BaseAlbumsViewController.swift; sourceTree = "<group>"; };
		0426062E23DB36E4005D2608 /* AlbumsViewModel.swift */ = {isa = PBXFileReference; lastKnownFileType = sourcecode.swift; path = AlbumsViewModel.swift; sourceTree = "<group>"; };
		0426063023DB371B005D2608 /* Album.swift */ = {isa = PBXFileReference; lastKnownFileType = sourcecode.swift; path = Album.swift; sourceTree = "<group>"; };
		0426063323DB40FD005D2608 /* AlbumTableViewCell.swift */ = {isa = PBXFileReference; lastKnownFileType = sourcecode.swift; path = AlbumTableViewCell.swift; sourceTree = "<group>"; };
		0426063423DB40FD005D2608 /* AlbumTableViewCell.xib */ = {isa = PBXFileReference; lastKnownFileType = file.xib; path = AlbumTableViewCell.xib; sourceTree = "<group>"; };
		0426063823DB4319005D2608 /* AlbumsBuilder.swift */ = {isa = PBXFileReference; lastKnownFileType = sourcecode.swift; path = AlbumsBuilder.swift; sourceTree = "<group>"; };
		0426063F23DB6CD0005D2608 /* AlbumDetailsResponseModel.swift */ = {isa = PBXFileReference; lastKnownFileType = sourcecode.swift; path = AlbumDetailsResponseModel.swift; sourceTree = "<group>"; };
		0426064123DB7412005D2608 /* AlbumDetailsParameters.swift */ = {isa = PBXFileReference; lastKnownFileType = sourcecode.swift; path = AlbumDetailsParameters.swift; sourceTree = "<group>"; };
		0426064323DB7610005D2608 /* LocalAlbumModel.swift */ = {isa = PBXFileReference; lastKnownFileType = sourcecode.swift; path = LocalAlbumModel.swift; sourceTree = "<group>"; };
		0426064523DB7C58005D2608 /* AlbumDetailsViewModel.swift */ = {isa = PBXFileReference; lastKnownFileType = sourcecode.swift; path = AlbumDetailsViewModel.swift; sourceTree = "<group>"; };
		0426064723DB7C77005D2608 /* AlbumsDetialsRepository.swift */ = {isa = PBXFileReference; lastKnownFileType = sourcecode.swift; path = AlbumsDetialsRepository.swift; sourceTree = "<group>"; };
		0426064923DBCD5F005D2608 /* AlbumDetailsViewController.swift */ = {isa = PBXFileReference; lastKnownFileType = sourcecode.swift; path = AlbumDetailsViewController.swift; sourceTree = "<group>"; };
		0426064A23DBCD5F005D2608 /* AlbumDetailsViewController.xib */ = {isa = PBXFileReference; lastKnownFileType = file.xib; path = AlbumDetailsViewController.xib; sourceTree = "<group>"; };
		0426064D23DBD31C005D2608 /* TrackCollectionViewCell.swift */ = {isa = PBXFileReference; lastKnownFileType = sourcecode.swift; path = TrackCollectionViewCell.swift; sourceTree = "<group>"; };
		0426064E23DBD31C005D2608 /* TrackCollectionViewCell.xib */ = {isa = PBXFileReference; lastKnownFileType = file.xib; path = TrackCollectionViewCell.xib; sourceTree = "<group>"; };
		0426065223DBDF97005D2608 /* AlbumsDetailsBuilder.swift */ = {isa = PBXFileReference; lastKnownFileType = sourcecode.swift; path = AlbumsDetailsBuilder.swift; sourceTree = "<group>"; };
		046BAD4523D9EA72001D2CE1 /* RequestFactory.swift */ = {isa = PBXFileReference; lastKnownFileType = sourcecode.swift; path = RequestFactory.swift; sourceTree = "<group>"; };
		046BAD4723D9EB4F001D2CE1 /* DataProvider.swift */ = {isa = PBXFileReference; lastKnownFileType = sourcecode.swift; path = DataProvider.swift; sourceTree = "<group>"; };
		046BAD4E23D9EEB5001D2CE1 /* SearchArtistViewController.swift */ = {isa = PBXFileReference; lastKnownFileType = sourcecode.swift; path = SearchArtistViewController.swift; sourceTree = "<group>"; };
		046BAD4F23D9EEB5001D2CE1 /* SearchArtistViewController.xib */ = {isa = PBXFileReference; lastKnownFileType = file.xib; path = SearchArtistViewController.xib; sourceTree = "<group>"; };
		046BAD8E23D9F6CE001D2CE1 /* SceneDelegate.swift */ = {isa = PBXFileReference; fileEncoding = 4; lastKnownFileType = sourcecode.swift; path = SceneDelegate.swift; sourceTree = "<group>"; };
		046BAD9523D9FF3C001D2CE1 /* UICollectionViewExtension.swift */ = {isa = PBXFileReference; fileEncoding = 4; lastKnownFileType = sourcecode.swift; path = UICollectionViewExtension.swift; sourceTree = "<group>"; };
		046BAD9623D9FF3C001D2CE1 /* UITableViewExtension.swift */ = {isa = PBXFileReference; fileEncoding = 4; lastKnownFileType = sourcecode.swift; path = UITableViewExtension.swift; sourceTree = "<group>"; };
		046BAD9A23DA0058001D2CE1 /* SearchArtistBuilder.swift */ = {isa = PBXFileReference; lastKnownFileType = sourcecode.swift; path = SearchArtistBuilder.swift; sourceTree = "<group>"; };
		046BAD9C23DA00B3001D2CE1 /* SearchArtistViewModel.swift */ = {isa = PBXFileReference; lastKnownFileType = sourcecode.swift; path = SearchArtistViewModel.swift; sourceTree = "<group>"; };
		046BAD9F23DA03E0001D2CE1 /* Constants.swift */ = {isa = PBXFileReference; lastKnownFileType = sourcecode.swift; path = Constants.swift; sourceTree = "<group>"; };
		046BADA123DA0856001D2CE1 /* SearchArtistParameters.swift */ = {isa = PBXFileReference; lastKnownFileType = sourcecode.swift; path = SearchArtistParameters.swift; sourceTree = "<group>"; };
		046BADA323DA0901001D2CE1 /* SwiftTypeExtension.swift */ = {isa = PBXFileReference; lastKnownFileType = sourcecode.swift; path = SwiftTypeExtension.swift; sourceTree = "<group>"; };
		046BADA523DA0B0B001D2CE1 /* ArtistResponseModel.swift */ = {isa = PBXFileReference; lastKnownFileType = sourcecode.swift; path = ArtistResponseModel.swift; sourceTree = "<group>"; };
		0472049123D7B4E00086B7B0 /* LastFM.app */ = {isa = PBXFileReference; explicitFileType = wrapper.application; includeInIndex = 0; path = LastFM.app; sourceTree = BUILT_PRODUCTS_DIR; };
		0472049423D7B4E00086B7B0 /* AppDelegate.swift */ = {isa = PBXFileReference; lastKnownFileType = sourcecode.swift; path = AppDelegate.swift; sourceTree = "<group>"; };
		0472049A23D7B4E20086B7B0 /* Assets.xcassets */ = {isa = PBXFileReference; lastKnownFileType = folder.assetcatalog; path = Assets.xcassets; sourceTree = "<group>"; };
		047204A023D7B4E20086B7B0 /* Base */ = {isa = PBXFileReference; lastKnownFileType = file.storyboard; name = Base; path = Base.lproj/LaunchScreen.storyboard; sourceTree = "<group>"; };
		047204A223D7B4E20086B7B0 /* Info.plist */ = {isa = PBXFileReference; lastKnownFileType = text.plist.xml; path = Info.plist; sourceTree = "<group>"; };
		047204A723D7B4E20086B7B0 /* LastFMTests.xctest */ = {isa = PBXFileReference; explicitFileType = wrapper.cfbundle; includeInIndex = 0; path = LastFMTests.xctest; sourceTree = BUILT_PRODUCTS_DIR; };
		047204AB23D7B4E20086B7B0 /* LastFMTests.swift */ = {isa = PBXFileReference; lastKnownFileType = sourcecode.swift; path = LastFMTests.swift; sourceTree = "<group>"; };
		047204AD23D7B4E20086B7B0 /* Info.plist */ = {isa = PBXFileReference; lastKnownFileType = text.plist.xml; path = Info.plist; sourceTree = "<group>"; };
		047204B223D7B4E20086B7B0 /* LastFMUITests.xctest */ = {isa = PBXFileReference; explicitFileType = wrapper.cfbundle; includeInIndex = 0; path = LastFMUITests.xctest; sourceTree = BUILT_PRODUCTS_DIR; };
		047204B623D7B4E20086B7B0 /* LastFMUITests.swift */ = {isa = PBXFileReference; lastKnownFileType = sourcecode.swift; path = LastFMUITests.swift; sourceTree = "<group>"; };
		047204B823D7B4E20086B7B0 /* Info.plist */ = {isa = PBXFileReference; lastKnownFileType = text.plist.xml; path = Info.plist; sourceTree = "<group>"; };
		0488789C23DA3A8A00290EAF /* BaseSearchArtistViewController.swift */ = {isa = PBXFileReference; lastKnownFileType = sourcecode.swift; path = BaseSearchArtistViewController.swift; sourceTree = "<group>"; };
		04EE185223D900E900F1E4B3 /* ErrorTypes.swift */ = {isa = PBXFileReference; lastKnownFileType = sourcecode.swift; path = ErrorTypes.swift; sourceTree = "<group>"; };
		04EE185423D9012000F1E4B3 /* RequestMethod.swift */ = {isa = PBXFileReference; lastKnownFileType = sourcecode.swift; path = RequestMethod.swift; sourceTree = "<group>"; };
		04EE185623D901E200F1E4B3 /* RequestHandlerProtocol.swift */ = {isa = PBXFileReference; lastKnownFileType = sourcecode.swift; path = RequestHandlerProtocol.swift; sourceTree = "<group>"; };
		04EE185823D9025400F1E4B3 /* ErrorModel.swift */ = {isa = PBXFileReference; lastKnownFileType = sourcecode.swift; path = ErrorModel.swift; sourceTree = "<group>"; };
		04EE185A23D9028500F1E4B3 /* ResultModel.swift */ = {isa = PBXFileReference; lastKnownFileType = sourcecode.swift; path = ResultModel.swift; sourceTree = "<group>"; };
		04EE186023D903E300F1E4B3 /* NetworkManagerProtocol.swift */ = {isa = PBXFileReference; lastKnownFileType = sourcecode.swift; path = NetworkManagerProtocol.swift; sourceTree = "<group>"; };
		04EE186223D9062700F1E4B3 /* CachingManagerProtocol.swift */ = {isa = PBXFileReference; lastKnownFileType = sourcecode.swift; path = CachingManagerProtocol.swift; sourceTree = "<group>"; };
		04EE186423D9077500F1E4B3 /* ParserHandlerProtocol.swift */ = {isa = PBXFileReference; lastKnownFileType = sourcecode.swift; path = ParserHandlerProtocol.swift; sourceTree = "<group>"; };
		04EE186623D907BA00F1E4B3 /* CodableParserManager.swift */ = {isa = PBXFileReference; lastKnownFileType = sourcecode.swift; path = CodableParserManager.swift; sourceTree = "<group>"; };
		04EE186823D9089D00F1E4B3 /* AlamofireApiClientManager.swift */ = {isa = PBXFileReference; lastKnownFileType = sourcecode.swift; path = AlamofireApiClientManager.swift; sourceTree = "<group>"; };
		04EE186A23D909C900F1E4B3 /* RealmCachingManager.swift */ = {isa = PBXFileReference; lastKnownFileType = sourcecode.swift; path = RealmCachingManager.swift; sourceTree = "<group>"; };
		156063B18FBE66E9575D134C /* Pods_LastFMTests.framework */ = {isa = PBXFileReference; explicitFileType = wrapper.framework; includeInIndex = 0; path = Pods_LastFMTests.framework; sourceTree = BUILT_PRODUCTS_DIR; };
		2398460075EAA83D591B2CE6 /* Pods_LastFM_LastFMUITests.framework */ = {isa = PBXFileReference; explicitFileType = wrapper.framework; includeInIndex = 0; path = Pods_LastFM_LastFMUITests.framework; sourceTree = BUILT_PRODUCTS_DIR; };
		2AEEC72A213B4A4AC4236AA1 /* Pods-LastFM-LastFMUITests.debug.xcconfig */ = {isa = PBXFileReference; includeInIndex = 1; lastKnownFileType = text.xcconfig; name = "Pods-LastFM-LastFMUITests.debug.xcconfig"; path = "Target Support Files/Pods-LastFM-LastFMUITests/Pods-LastFM-LastFMUITests.debug.xcconfig"; sourceTree = "<group>"; };
		91658676337EB926D6F3CA45 /* Pods-LastFM.release.xcconfig */ = {isa = PBXFileReference; includeInIndex = 1; lastKnownFileType = text.xcconfig; name = "Pods-LastFM.release.xcconfig"; path = "Target Support Files/Pods-LastFM/Pods-LastFM.release.xcconfig"; sourceTree = "<group>"; };
		B2C8B1F076994C243A772AF8 /* Pods-LastFMTests.debug.xcconfig */ = {isa = PBXFileReference; includeInIndex = 1; lastKnownFileType = text.xcconfig; name = "Pods-LastFMTests.debug.xcconfig"; path = "Target Support Files/Pods-LastFMTests/Pods-LastFMTests.debug.xcconfig"; sourceTree = "<group>"; };
		BA8935F1C12E6EDB9498B913 /* Pods_LastFM.framework */ = {isa = PBXFileReference; explicitFileType = wrapper.framework; includeInIndex = 0; path = Pods_LastFM.framework; sourceTree = BUILT_PRODUCTS_DIR; };
		BBB534B0E173B77B3AF1B96B /* Pods-LastFM-LastFMUITests.release.xcconfig */ = {isa = PBXFileReference; includeInIndex = 1; lastKnownFileType = text.xcconfig; name = "Pods-LastFM-LastFMUITests.release.xcconfig"; path = "Target Support Files/Pods-LastFM-LastFMUITests/Pods-LastFM-LastFMUITests.release.xcconfig"; sourceTree = "<group>"; };
		C0FDDE332210A6FFA51DC03B /* Pods-LastFM.debug.xcconfig */ = {isa = PBXFileReference; includeInIndex = 1; lastKnownFileType = text.xcconfig; name = "Pods-LastFM.debug.xcconfig"; path = "Target Support Files/Pods-LastFM/Pods-LastFM.debug.xcconfig"; sourceTree = "<group>"; };
		E08DA25F2911E2F23A991061 /* Pods-LastFMTests.release.xcconfig */ = {isa = PBXFileReference; includeInIndex = 1; lastKnownFileType = text.xcconfig; name = "Pods-LastFMTests.release.xcconfig"; path = "Target Support Files/Pods-LastFMTests/Pods-LastFMTests.release.xcconfig"; sourceTree = "<group>"; };
/* End PBXFileReference section */

/* Begin PBXFrameworksBuildPhase section */
		0472048E23D7B4E00086B7B0 /* Frameworks */ = {
			isa = PBXFrameworksBuildPhase;
			buildActionMask = 2147483647;
			files = (
				723327585D7F7B2558661E14 /* Pods_LastFM.framework in Frameworks */,
			);
			runOnlyForDeploymentPostprocessing = 0;
		};
		047204A423D7B4E20086B7B0 /* Frameworks */ = {
			isa = PBXFrameworksBuildPhase;
			buildActionMask = 2147483647;
			files = (
				BCF5FE3329A02AF65C3E9B27 /* Pods_LastFMTests.framework in Frameworks */,
			);
			runOnlyForDeploymentPostprocessing = 0;
		};
		047204AF23D7B4E20086B7B0 /* Frameworks */ = {
			isa = PBXFrameworksBuildPhase;
			buildActionMask = 2147483647;
			files = (
				CD9CA0A56FA28C08D8699CDD /* Pods_LastFM_LastFMUITests.framework in Frameworks */,
			);
			runOnlyForDeploymentPostprocessing = 0;
		};
/* End PBXFrameworksBuildPhase section */

/* Begin PBXGroup section */
		0426061723DA4C6D005D2608 /* Cell */ = {
			isa = PBXGroup;
			children = (
				0426061823DA4C91005D2608 /* ArtistTableViewCell.swift */,
				0426061923DA4C91005D2608 /* ArtistTableViewCell.xib */,
			);
			path = Cell;
			sourceTree = "<group>";
		};
		0426061E23DB30EA005D2608 /* Albums */ = {
			isa = PBXGroup;
			children = (
				0426063723DB4302005D2608 /* Builder */,
				0426062123DB30FE005D2608 /* ViewModels */,
				0426062023DB30F8005D2608 /* Models */,
				0426061F23DB30F3005D2608 /* Views */,
			);
			path = Albums;
			sourceTree = "<group>";
		};
		0426061F23DB30F3005D2608 /* Views */ = {
			isa = PBXGroup;
			children = (
				0426063223DB40E4005D2608 /* Cell */,
				0426062B23DB33E6005D2608 /* Base */,
				0426062723DB33DA005D2608 /* AlbumsViewController.swift */,
				0426062823DB33DA005D2608 /* AlbumsViewController.xib */,
			);
			path = Views;
			sourceTree = "<group>";
		};
		0426062023DB30F8005D2608 /* Models */ = {
			isa = PBXGroup;
			children = (
				0426062323DB3143005D2608 /* AlbumsResponseModel.swift */,
				0426062523DB32A2005D2608 /* AlbumsParameters.swift */,
				0426063023DB371B005D2608 /* Album.swift */,
			);
			path = Models;
			sourceTree = "<group>";
		};
		0426062123DB30FE005D2608 /* ViewModels */ = {
			isa = PBXGroup;
			children = (
				0426062E23DB36E4005D2608 /* AlbumsViewModel.swift */,
			);
			path = ViewModels;
			sourceTree = "<group>";
		};
		0426062B23DB33E6005D2608 /* Base */ = {
			isa = PBXGroup;
			children = (
				0426062C23DB3407005D2608 /* BaseAlbumsViewController.swift */,
			);
			path = Base;
			sourceTree = "<group>";
		};
		0426063223DB40E4005D2608 /* Cell */ = {
			isa = PBXGroup;
			children = (
				0426063323DB40FD005D2608 /* AlbumTableViewCell.swift */,
				0426063423DB40FD005D2608 /* AlbumTableViewCell.xib */,
			);
			path = Cell;
			sourceTree = "<group>";
		};
		0426063723DB4302005D2608 /* Builder */ = {
			isa = PBXGroup;
			children = (
				0426063823DB4319005D2608 /* AlbumsBuilder.swift */,
			);
			path = Builder;
			sourceTree = "<group>";
		};
		0426063A23DB6C11005D2608 /* AlbumDetails */ = {
			isa = PBXGroup;
			children = (
				0426063E23DB6CA3005D2608 /* Builder */,
				0426063D23DB6C98005D2608 /* ViewModels */,
				0426063C23DB6C92005D2608 /* Models */,
				0426063B23DB6C89005D2608 /* Views */,
			);
			path = AlbumDetails;
			sourceTree = "<group>";
		};
		0426063B23DB6C89005D2608 /* Views */ = {
			isa = PBXGroup;
			children = (
				0426065123DBD325005D2608 /* Cell */,
				0426064923DBCD5F005D2608 /* AlbumDetailsViewController.swift */,
				0426064A23DBCD5F005D2608 /* AlbumDetailsViewController.xib */,
			);
			path = Views;
			sourceTree = "<group>";
		};
		0426063C23DB6C92005D2608 /* Models */ = {
			isa = PBXGroup;
			children = (
				0426063F23DB6CD0005D2608 /* AlbumDetailsResponseModel.swift */,
				0426064123DB7412005D2608 /* AlbumDetailsParameters.swift */,
				0426064323DB7610005D2608 /* LocalAlbumModel.swift */,
			);
			path = Models;
			sourceTree = "<group>";
		};
		0426063D23DB6C98005D2608 /* ViewModels */ = {
			isa = PBXGroup;
			children = (
				0426064523DB7C58005D2608 /* AlbumDetailsViewModel.swift */,
				0426064723DB7C77005D2608 /* AlbumsDetialsRepository.swift */,
			);
			path = ViewModels;
			sourceTree = "<group>";
		};
		0426063E23DB6CA3005D2608 /* Builder */ = {
			isa = PBXGroup;
			children = (
				0426065223DBDF97005D2608 /* AlbumsDetailsBuilder.swift */,
			);
			path = Builder;
			sourceTree = "<group>";
		};
		0426065123DBD325005D2608 /* Cell */ = {
			isa = PBXGroup;
			children = (
				0426064D23DBD31C005D2608 /* TrackCollectionViewCell.swift */,
				0426064E23DBD31C005D2608 /* TrackCollectionViewCell.xib */,
			);
			path = Cell;
			sourceTree = "<group>";
		};
		046BAD4423D9EA58001D2CE1 /* DataProvider */ = {
			isa = PBXGroup;
			children = (
				046BAD4523D9EA72001D2CE1 /* RequestFactory.swift */,
				046BAD4723D9EB4F001D2CE1 /* DataProvider.swift */,
			);
			path = DataProvider;
			sourceTree = "<group>";
		};
		046BAD4923D9EE28001D2CE1 /* Features */ = {
			isa = PBXGroup;
			children = (
				0426063A23DB6C11005D2608 /* AlbumDetails */,
				0426061E23DB30EA005D2608 /* Albums */,
				046BAD4A23D9EE6D001D2CE1 /* SearchArtist */,
			);
			path = Features;
			sourceTree = "<group>";
		};
		046BAD4A23D9EE6D001D2CE1 /* SearchArtist */ = {
			isa = PBXGroup;
			children = (
				046BAD9923DA003E001D2CE1 /* Builder */,
				046BAD4D23D9EE86001D2CE1 /* ViewModels */,
				046BAD4C23D9EE80001D2CE1 /* Models */,
				046BAD4B23D9EE7A001D2CE1 /* Views */,
			);
			path = SearchArtist;
			sourceTree = "<group>";
		};
		046BAD4B23D9EE7A001D2CE1 /* Views */ = {
			isa = PBXGroup;
			children = (
				0426061723DA4C6D005D2608 /* Cell */,
				0488789B23DA3A6E00290EAF /* Base */,
				046BAD4E23D9EEB5001D2CE1 /* SearchArtistViewController.swift */,
				046BAD4F23D9EEB5001D2CE1 /* SearchArtistViewController.xib */,
			);
			path = Views;
			sourceTree = "<group>";
		};
		046BAD4C23D9EE80001D2CE1 /* Models */ = {
			isa = PBXGroup;
			children = (
				046BADA123DA0856001D2CE1 /* SearchArtistParameters.swift */,
				046BADA523DA0B0B001D2CE1 /* ArtistResponseModel.swift */,
				0426061C23DA5B7A005D2608 /* Artist.swift */,
			);
			path = Models;
			sourceTree = "<group>";
		};
		046BAD4D23D9EE86001D2CE1 /* ViewModels */ = {
			isa = PBXGroup;
			children = (
				046BAD9C23DA00B3001D2CE1 /* SearchArtistViewModel.swift */,
			);
			path = ViewModels;
			sourceTree = "<group>";
		};
		046BAD9423D9FEB3001D2CE1 /* Utlities */ = {
			isa = PBXGroup;
			children = (
				046BAD9523D9FF3C001D2CE1 /* UICollectionViewExtension.swift */,
				046BAD9623D9FF3C001D2CE1 /* UITableViewExtension.swift */,
				046BADA323DA0901001D2CE1 /* SwiftTypeExtension.swift */,
			);
			path = Utlities;
			sourceTree = "<group>";
		};
		046BAD9923DA003E001D2CE1 /* Builder */ = {
			isa = PBXGroup;
			children = (
				046BAD9A23DA0058001D2CE1 /* SearchArtistBuilder.swift */,
			);
			path = Builder;
			sourceTree = "<group>";
		};
		046BAD9E23DA03CF001D2CE1 /* Constants */ = {
			isa = PBXGroup;
			children = (
				046BAD9F23DA03E0001D2CE1 /* Constants.swift */,
			);
			path = Constants;
			sourceTree = "<group>";
		};
		0472048823D7B4E00086B7B0 = {
			isa = PBXGroup;
			children = (
				0472049323D7B4E00086B7B0 /* LastFM */,
				047204AA23D7B4E20086B7B0 /* LastFMTests */,
				047204B523D7B4E20086B7B0 /* LastFMUITests */,
				0472049223D7B4E00086B7B0 /* Products */,
				85ED45CDAC7A95BABF79EF28 /* Pods */,
				DCF7F12AF430161E7A68C60B /* Frameworks */,
			);
			sourceTree = "<group>";
		};
		0472049223D7B4E00086B7B0 /* Products */ = {
			isa = PBXGroup;
			children = (
				0472049123D7B4E00086B7B0 /* LastFM.app */,
				047204A723D7B4E20086B7B0 /* LastFMTests.xctest */,
				047204B223D7B4E20086B7B0 /* LastFMUITests.xctest */,
			);
			name = Products;
			sourceTree = "<group>";
		};
		0472049323D7B4E00086B7B0 /* LastFM */ = {
			isa = PBXGroup;
			children = (
				046BAD9E23DA03CF001D2CE1 /* Constants */,
				046BAD9423D9FEB3001D2CE1 /* Utlities */,
				04EE184D23D9002D00F1E4B3 /* Network */,
				046BAD4923D9EE28001D2CE1 /* Features */,
				0472049423D7B4E00086B7B0 /* AppDelegate.swift */,
				046BAD8E23D9F6CE001D2CE1 /* SceneDelegate.swift */,
				0472049A23D7B4E20086B7B0 /* Assets.xcassets */,
				0472049F23D7B4E20086B7B0 /* LaunchScreen.storyboard */,
				047204A223D7B4E20086B7B0 /* Info.plist */,
			);
			path = LastFM;
			sourceTree = "<group>";
		};
		047204AA23D7B4E20086B7B0 /* LastFMTests */ = {
			isa = PBXGroup;
			children = (
				047204AB23D7B4E20086B7B0 /* LastFMTests.swift */,
				047204AD23D7B4E20086B7B0 /* Info.plist */,
			);
			path = LastFMTests;
			sourceTree = "<group>";
		};
		047204B523D7B4E20086B7B0 /* LastFMUITests */ = {
			isa = PBXGroup;
			children = (
				047204B623D7B4E20086B7B0 /* LastFMUITests.swift */,
				047204B823D7B4E20086B7B0 /* Info.plist */,
			);
			path = LastFMUITests;
			sourceTree = "<group>";
		};
		0488789B23DA3A6E00290EAF /* Base */ = {
			isa = PBXGroup;
			children = (
				0488789C23DA3A8A00290EAF /* BaseSearchArtistViewController.swift */,
			);
			path = Base;
			sourceTree = "<group>";
		};
		04EE184D23D9002D00F1E4B3 /* Network */ = {
			isa = PBXGroup;
			children = (
				046BAD4423D9EA58001D2CE1 /* DataProvider */,
				04EE185123D900BF00F1E4B3 /* Utilities */,
				04EE185023D9008200F1E4B3 /* Protocols */,
				04EE184F23D9006E00F1E4B3 /* Managers */,
				04EE184E23D9006500F1E4B3 /* Models */,
			);
			path = Network;
			sourceTree = "<group>";
		};
		04EE184E23D9006500F1E4B3 /* Models */ = {
			isa = PBXGroup;
			children = (
				04EE185823D9025400F1E4B3 /* ErrorModel.swift */,
				04EE185A23D9028500F1E4B3 /* ResultModel.swift */,
			);
			path = Models;
			sourceTree = "<group>";
		};
		04EE184F23D9006E00F1E4B3 /* Managers */ = {
			isa = PBXGroup;
			children = (
				04EE186623D907BA00F1E4B3 /* CodableParserManager.swift */,
				04EE186823D9089D00F1E4B3 /* AlamofireApiClientManager.swift */,
				04EE186A23D909C900F1E4B3 /* RealmCachingManager.swift */,
			);
			path = Managers;
			sourceTree = "<group>";
		};
		04EE185023D9008200F1E4B3 /* Protocols */ = {
			isa = PBXGroup;
			children = (
				04EE185623D901E200F1E4B3 /* RequestHandlerProtocol.swift */,
				04EE186023D903E300F1E4B3 /* NetworkManagerProtocol.swift */,
				04EE186223D9062700F1E4B3 /* CachingManagerProtocol.swift */,
				04EE186423D9077500F1E4B3 /* ParserHandlerProtocol.swift */,
			);
			path = Protocols;
			sourceTree = "<group>";
		};
		04EE185123D900BF00F1E4B3 /* Utilities */ = {
			isa = PBXGroup;
			children = (
				04EE185223D900E900F1E4B3 /* ErrorTypes.swift */,
				04EE185423D9012000F1E4B3 /* RequestMethod.swift */,
			);
			path = Utilities;
			sourceTree = "<group>";
		};
		85ED45CDAC7A95BABF79EF28 /* Pods */ = {
			isa = PBXGroup;
			children = (
				C0FDDE332210A6FFA51DC03B /* Pods-LastFM.debug.xcconfig */,
				91658676337EB926D6F3CA45 /* Pods-LastFM.release.xcconfig */,
				2AEEC72A213B4A4AC4236AA1 /* Pods-LastFM-LastFMUITests.debug.xcconfig */,
				BBB534B0E173B77B3AF1B96B /* Pods-LastFM-LastFMUITests.release.xcconfig */,
				B2C8B1F076994C243A772AF8 /* Pods-LastFMTests.debug.xcconfig */,
				E08DA25F2911E2F23A991061 /* Pods-LastFMTests.release.xcconfig */,
			);
			path = Pods;
			sourceTree = "<group>";
		};
		DCF7F12AF430161E7A68C60B /* Frameworks */ = {
			isa = PBXGroup;
			children = (
				BA8935F1C12E6EDB9498B913 /* Pods_LastFM.framework */,
				2398460075EAA83D591B2CE6 /* Pods_LastFM_LastFMUITests.framework */,
				156063B18FBE66E9575D134C /* Pods_LastFMTests.framework */,
			);
			name = Frameworks;
			sourceTree = "<group>";
		};
/* End PBXGroup section */

/* Begin PBXNativeTarget section */
		0472049023D7B4E00086B7B0 /* LastFM */ = {
			isa = PBXNativeTarget;
			buildConfigurationList = 047204BB23D7B4E20086B7B0 /* Build configuration list for PBXNativeTarget "LastFM" */;
			buildPhases = (
				53A0707ED9EF8DD313B300A6 /* [CP] Check Pods Manifest.lock */,
				0472048D23D7B4E00086B7B0 /* Sources */,
				0472048E23D7B4E00086B7B0 /* Frameworks */,
				0472048F23D7B4E00086B7B0 /* Resources */,
				B776C9E7479E186EDC0EFC80 /* [CP] Embed Pods Frameworks */,
			);
			buildRules = (
			);
			dependencies = (
			);
			name = LastFM;
			productName = LastFM;
			productReference = 0472049123D7B4E00086B7B0 /* LastFM.app */;
			productType = "com.apple.product-type.application";
		};
		047204A623D7B4E20086B7B0 /* LastFMTests */ = {
			isa = PBXNativeTarget;
			buildConfigurationList = 047204BE23D7B4E20086B7B0 /* Build configuration list for PBXNativeTarget "LastFMTests" */;
			buildPhases = (
				8CE1252FB1B7F1F29D5C535E /* [CP] Check Pods Manifest.lock */,
				047204A323D7B4E20086B7B0 /* Sources */,
				047204A423D7B4E20086B7B0 /* Frameworks */,
				047204A523D7B4E20086B7B0 /* Resources */,
			);
			buildRules = (
			);
			dependencies = (
				047204A923D7B4E20086B7B0 /* PBXTargetDependency */,
			);
			name = LastFMTests;
			productName = LastFMTests;
			productReference = 047204A723D7B4E20086B7B0 /* LastFMTests.xctest */;
			productType = "com.apple.product-type.bundle.unit-test";
		};
		047204B123D7B4E20086B7B0 /* LastFMUITests */ = {
			isa = PBXNativeTarget;
			buildConfigurationList = 047204C123D7B4E20086B7B0 /* Build configuration list for PBXNativeTarget "LastFMUITests" */;
			buildPhases = (
				1E0A34FCB890EF3353A68A01 /* [CP] Check Pods Manifest.lock */,
				047204AE23D7B4E20086B7B0 /* Sources */,
				047204AF23D7B4E20086B7B0 /* Frameworks */,
				047204B023D7B4E20086B7B0 /* Resources */,
				84C5AE1AA0AECE2AE440E6C9 /* [CP] Embed Pods Frameworks */,
			);
			buildRules = (
			);
			dependencies = (
				047204B423D7B4E20086B7B0 /* PBXTargetDependency */,
			);
			name = LastFMUITests;
			productName = LastFMUITests;
			productReference = 047204B223D7B4E20086B7B0 /* LastFMUITests.xctest */;
			productType = "com.apple.product-type.bundle.ui-testing";
		};
/* End PBXNativeTarget section */

/* Begin PBXProject section */
		0472048923D7B4E00086B7B0 /* Project object */ = {
			isa = PBXProject;
			attributes = {
				LastSwiftUpdateCheck = 1120;
				LastUpgradeCheck = 1120;
				ORGANIZATIONNAME = OwnProjects;
				TargetAttributes = {
					0472049023D7B4E00086B7B0 = {
						CreatedOnToolsVersion = 11.2.1;
					};
					047204A623D7B4E20086B7B0 = {
						CreatedOnToolsVersion = 11.2.1;
						TestTargetID = 0472049023D7B4E00086B7B0;
					};
					047204B123D7B4E20086B7B0 = {
						CreatedOnToolsVersion = 11.2.1;
						TestTargetID = 0472049023D7B4E00086B7B0;
					};
				};
			};
			buildConfigurationList = 0472048C23D7B4E00086B7B0 /* Build configuration list for PBXProject "LastFM" */;
			compatibilityVersion = "Xcode 9.3";
			developmentRegion = en;
			hasScannedForEncodings = 0;
			knownRegions = (
				en,
				Base,
			);
			mainGroup = 0472048823D7B4E00086B7B0;
			productRefGroup = 0472049223D7B4E00086B7B0 /* Products */;
			projectDirPath = "";
			projectRoot = "";
			targets = (
				0472049023D7B4E00086B7B0 /* LastFM */,
				047204A623D7B4E20086B7B0 /* LastFMTests */,
				047204B123D7B4E20086B7B0 /* LastFMUITests */,
			);
		};
/* End PBXProject section */

/* Begin PBXResourcesBuildPhase section */
		0472048F23D7B4E00086B7B0 /* Resources */ = {
			isa = PBXResourcesBuildPhase;
			buildActionMask = 2147483647;
			files = (
				0426065023DBD31C005D2608 /* TrackCollectionViewCell.xib in Resources */,
				046BAD5123D9EEB5001D2CE1 /* SearchArtistViewController.xib in Resources */,
				047204A123D7B4E20086B7B0 /* LaunchScreen.storyboard in Resources */,
				0426061B23DA4C91005D2608 /* ArtistTableViewCell.xib in Resources */,
				0472049B23D7B4E20086B7B0 /* Assets.xcassets in Resources */,
				0426064C23DBCD5F005D2608 /* AlbumDetailsViewController.xib in Resources */,
				0426062A23DB33DA005D2608 /* AlbumsViewController.xib in Resources */,
				0426063623DB40FD005D2608 /* AlbumTableViewCell.xib in Resources */,
			);
			runOnlyForDeploymentPostprocessing = 0;
		};
		047204A523D7B4E20086B7B0 /* Resources */ = {
			isa = PBXResourcesBuildPhase;
			buildActionMask = 2147483647;
			files = (
			);
			runOnlyForDeploymentPostprocessing = 0;
		};
		047204B023D7B4E20086B7B0 /* Resources */ = {
			isa = PBXResourcesBuildPhase;
			buildActionMask = 2147483647;
			files = (
			);
			runOnlyForDeploymentPostprocessing = 0;
		};
/* End PBXResourcesBuildPhase section */

/* Begin PBXShellScriptBuildPhase section */
		1E0A34FCB890EF3353A68A01 /* [CP] Check Pods Manifest.lock */ = {
			isa = PBXShellScriptBuildPhase;
			buildActionMask = 2147483647;
			files = (
			);
			inputFileListPaths = (
			);
			inputPaths = (
				"${PODS_PODFILE_DIR_PATH}/Podfile.lock",
				"${PODS_ROOT}/Manifest.lock",
			);
			name = "[CP] Check Pods Manifest.lock";
			outputFileListPaths = (
			);
			outputPaths = (
				"$(DERIVED_FILE_DIR)/Pods-LastFM-LastFMUITests-checkManifestLockResult.txt",
			);
			runOnlyForDeploymentPostprocessing = 0;
			shellPath = /bin/sh;
			shellScript = "diff \"${PODS_PODFILE_DIR_PATH}/Podfile.lock\" \"${PODS_ROOT}/Manifest.lock\" > /dev/null\nif [ $? != 0 ] ; then\n    # print error to STDERR\n    echo \"error: The sandbox is not in sync with the Podfile.lock. Run 'pod install' or update your CocoaPods installation.\" >&2\n    exit 1\nfi\n# This output is used by Xcode 'outputs' to avoid re-running this script phase.\necho \"SUCCESS\" > \"${SCRIPT_OUTPUT_FILE_0}\"\n";
			showEnvVarsInLog = 0;
		};
		53A0707ED9EF8DD313B300A6 /* [CP] Check Pods Manifest.lock */ = {
			isa = PBXShellScriptBuildPhase;
			buildActionMask = 2147483647;
			files = (
			);
			inputFileListPaths = (
			);
			inputPaths = (
				"${PODS_PODFILE_DIR_PATH}/Podfile.lock",
				"${PODS_ROOT}/Manifest.lock",
			);
			name = "[CP] Check Pods Manifest.lock";
			outputFileListPaths = (
			);
			outputPaths = (
				"$(DERIVED_FILE_DIR)/Pods-LastFM-checkManifestLockResult.txt",
			);
			runOnlyForDeploymentPostprocessing = 0;
			shellPath = /bin/sh;
			shellScript = "diff \"${PODS_PODFILE_DIR_PATH}/Podfile.lock\" \"${PODS_ROOT}/Manifest.lock\" > /dev/null\nif [ $? != 0 ] ; then\n    # print error to STDERR\n    echo \"error: The sandbox is not in sync with the Podfile.lock. Run 'pod install' or update your CocoaPods installation.\" >&2\n    exit 1\nfi\n# This output is used by Xcode 'outputs' to avoid re-running this script phase.\necho \"SUCCESS\" > \"${SCRIPT_OUTPUT_FILE_0}\"\n";
			showEnvVarsInLog = 0;
		};
		84C5AE1AA0AECE2AE440E6C9 /* [CP] Embed Pods Frameworks */ = {
			isa = PBXShellScriptBuildPhase;
			buildActionMask = 2147483647;
			files = (
			);
			inputFileListPaths = (
				"${PODS_ROOT}/Target Support Files/Pods-LastFM-LastFMUITests/Pods-LastFM-LastFMUITests-frameworks-${CONFIGURATION}-input-files.xcfilelist",
			);
			name = "[CP] Embed Pods Frameworks";
			outputFileListPaths = (
				"${PODS_ROOT}/Target Support Files/Pods-LastFM-LastFMUITests/Pods-LastFM-LastFMUITests-frameworks-${CONFIGURATION}-output-files.xcfilelist",
			);
			runOnlyForDeploymentPostprocessing = 0;
			shellPath = /bin/sh;
			shellScript = "\"${PODS_ROOT}/Target Support Files/Pods-LastFM-LastFMUITests/Pods-LastFM-LastFMUITests-frameworks.sh\"\n";
			showEnvVarsInLog = 0;
		};
		8CE1252FB1B7F1F29D5C535E /* [CP] Check Pods Manifest.lock */ = {
			isa = PBXShellScriptBuildPhase;
			buildActionMask = 2147483647;
			files = (
			);
			inputFileListPaths = (
			);
			inputPaths = (
				"${PODS_PODFILE_DIR_PATH}/Podfile.lock",
				"${PODS_ROOT}/Manifest.lock",
			);
			name = "[CP] Check Pods Manifest.lock";
			outputFileListPaths = (
			);
			outputPaths = (
				"$(DERIVED_FILE_DIR)/Pods-LastFMTests-checkManifestLockResult.txt",
			);
			runOnlyForDeploymentPostprocessing = 0;
			shellPath = /bin/sh;
			shellScript = "diff \"${PODS_PODFILE_DIR_PATH}/Podfile.lock\" \"${PODS_ROOT}/Manifest.lock\" > /dev/null\nif [ $? != 0 ] ; then\n    # print error to STDERR\n    echo \"error: The sandbox is not in sync with the Podfile.lock. Run 'pod install' or update your CocoaPods installation.\" >&2\n    exit 1\nfi\n# This output is used by Xcode 'outputs' to avoid re-running this script phase.\necho \"SUCCESS\" > \"${SCRIPT_OUTPUT_FILE_0}\"\n";
			showEnvVarsInLog = 0;
		};
		B776C9E7479E186EDC0EFC80 /* [CP] Embed Pods Frameworks */ = {
			isa = PBXShellScriptBuildPhase;
			buildActionMask = 2147483647;
			files = (
			);
			inputFileListPaths = (
				"${PODS_ROOT}/Target Support Files/Pods-LastFM/Pods-LastFM-frameworks-${CONFIGURATION}-input-files.xcfilelist",
			);
			name = "[CP] Embed Pods Frameworks";
			outputFileListPaths = (
				"${PODS_ROOT}/Target Support Files/Pods-LastFM/Pods-LastFM-frameworks-${CONFIGURATION}-output-files.xcfilelist",
			);
			runOnlyForDeploymentPostprocessing = 0;
			shellPath = /bin/sh;
			shellScript = "\"${PODS_ROOT}/Target Support Files/Pods-LastFM/Pods-LastFM-frameworks.sh\"\n";
			showEnvVarsInLog = 0;
		};
/* End PBXShellScriptBuildPhase section */

/* Begin PBXSourcesBuildPhase section */
		0472048D23D7B4E00086B7B0 /* Sources */ = {
			isa = PBXSourcesBuildPhase;
			buildActionMask = 2147483647;
			files = (
				0426062F23DB36E4005D2608 /* AlbumsViewModel.swift in Sources */,
				0426064623DB7C58005D2608 /* AlbumDetailsViewModel.swift in Sources */,
				0426062423DB3144005D2608 /* AlbumsResponseModel.swift in Sources */,
				046BAD5023D9EEB5001D2CE1 /* SearchArtistViewController.swift in Sources */,
				0426064423DB7610005D2608 /* LocalAlbumModel.swift in Sources */,
				04EE185923D9025400F1E4B3 /* ErrorModel.swift in Sources */,
				04EE186B23D909C900F1E4B3 /* RealmCachingManager.swift in Sources */,
				0426061D23DA5B7A005D2608 /* Artist.swift in Sources */,
				0426064023DB6CD0005D2608 /* AlbumDetailsResponseModel.swift in Sources */,
				046BAD9D23DA00B3001D2CE1 /* SearchArtistViewModel.swift in Sources */,
				04EE186323D9062700F1E4B3 /* CachingManagerProtocol.swift in Sources */,
				0426063123DB371B005D2608 /* Album.swift in Sources */,
				046BAD4623D9EA72001D2CE1 /* RequestFactory.swift in Sources */,
				04EE185723D901E200F1E4B3 /* RequestHandlerProtocol.swift in Sources */,
				04EE185B23D9028500F1E4B3 /* ResultModel.swift in Sources */,
				046BAD8F23D9F6CE001D2CE1 /* SceneDelegate.swift in Sources */,
				0426063923DB4319005D2608 /* AlbumsBuilder.swift in Sources */,
				0426065323DBDF97005D2608 /* AlbumsDetailsBuilder.swift in Sources */,
				046BAD9723D9FF3D001D2CE1 /* UICollectionViewExtension.swift in Sources */,
				04EE186923D9089D00F1E4B3 /* AlamofireApiClientManager.swift in Sources */,
				046BADA023DA03E0001D2CE1 /* Constants.swift in Sources */,
				0426062923DB33DA005D2608 /* AlbumsViewController.swift in Sources */,
				046BADA423DA0901001D2CE1 /* SwiftTypeExtension.swift in Sources */,
				04EE186123D903E300F1E4B3 /* NetworkManagerProtocol.swift in Sources */,
				04EE185323D900E900F1E4B3 /* ErrorTypes.swift in Sources */,
				0426062D23DB3407005D2608 /* BaseAlbumsViewController.swift in Sources */,
				0426063523DB40FD005D2608 /* AlbumTableViewCell.swift in Sources */,
				0426064823DB7C77005D2608 /* AlbumsDetialsRepository.swift in Sources */,
				046BADA223DA0856001D2CE1 /* SearchArtistParameters.swift in Sources */,
				0426064F23DBD31C005D2608 /* TrackCollectionViewCell.swift in Sources */,
				0426061A23DA4C91005D2608 /* ArtistTableViewCell.swift in Sources */,
				046BAD9B23DA0058001D2CE1 /* SearchArtistBuilder.swift in Sources */,
				0488789D23DA3A8A00290EAF /* BaseSearchArtistViewController.swift in Sources */,
				04EE186723D907BA00F1E4B3 /* CodableParserManager.swift in Sources */,
				0426062623DB32A2005D2608 /* AlbumsParameters.swift in Sources */,
				046BAD4823D9EB4F001D2CE1 /* DataProvider.swift in Sources */,
				0426064B23DBCD5F005D2608 /* AlbumDetailsViewController.swift in Sources */,
				046BADA623DA0B0B001D2CE1 /* ArtistResponseModel.swift in Sources */,
				04EE185523D9012000F1E4B3 /* RequestMethod.swift in Sources */,
				0426064223DB7412005D2608 /* AlbumDetailsParameters.swift in Sources */,
				046BAD9823D9FF3D001D2CE1 /* UITableViewExtension.swift in Sources */,
				0472049523D7B4E00086B7B0 /* AppDelegate.swift in Sources */,
				04EE186523D9077500F1E4B3 /* ParserHandlerProtocol.swift in Sources */,
			);
			runOnlyForDeploymentPostprocessing = 0;
		};
		047204A323D7B4E20086B7B0 /* Sources */ = {
			isa = PBXSourcesBuildPhase;
			buildActionMask = 2147483647;
			files = (
				047204AC23D7B4E20086B7B0 /* LastFMTests.swift in Sources */,
			);
			runOnlyForDeploymentPostprocessing = 0;
		};
		047204AE23D7B4E20086B7B0 /* Sources */ = {
			isa = PBXSourcesBuildPhase;
			buildActionMask = 2147483647;
			files = (
				047204B723D7B4E20086B7B0 /* LastFMUITests.swift in Sources */,
			);
			runOnlyForDeploymentPostprocessing = 0;
		};
/* End PBXSourcesBuildPhase section */

/* Begin PBXTargetDependency section */
		047204A923D7B4E20086B7B0 /* PBXTargetDependency */ = {
			isa = PBXTargetDependency;
			target = 0472049023D7B4E00086B7B0 /* LastFM */;
			targetProxy = 047204A823D7B4E20086B7B0 /* PBXContainerItemProxy */;
		};
		047204B423D7B4E20086B7B0 /* PBXTargetDependency */ = {
			isa = PBXTargetDependency;
			target = 0472049023D7B4E00086B7B0 /* LastFM */;
			targetProxy = 047204B323D7B4E20086B7B0 /* PBXContainerItemProxy */;
		};
/* End PBXTargetDependency section */

/* Begin PBXVariantGroup section */
		0472049F23D7B4E20086B7B0 /* LaunchScreen.storyboard */ = {
			isa = PBXVariantGroup;
			children = (
				047204A023D7B4E20086B7B0 /* Base */,
			);
			name = LaunchScreen.storyboard;
			sourceTree = "<group>";
		};
/* End PBXVariantGroup section */

/* Begin XCBuildConfiguration section */
		047204B923D7B4E20086B7B0 /* Debug */ = {
			isa = XCBuildConfiguration;
			buildSettings = {
				ALWAYS_SEARCH_USER_PATHS = NO;
				CLANG_ANALYZER_NONNULL = YES;
				CLANG_ANALYZER_NUMBER_OBJECT_CONVERSION = YES_AGGRESSIVE;
				CLANG_CXX_LANGUAGE_STANDARD = "gnu++14";
				CLANG_CXX_LIBRARY = "libc++";
				CLANG_ENABLE_MODULES = YES;
				CLANG_ENABLE_OBJC_ARC = YES;
				CLANG_ENABLE_OBJC_WEAK = YES;
				CLANG_WARN_BLOCK_CAPTURE_AUTORELEASING = YES;
				CLANG_WARN_BOOL_CONVERSION = YES;
				CLANG_WARN_COMMA = YES;
				CLANG_WARN_CONSTANT_CONVERSION = YES;
				CLANG_WARN_DEPRECATED_OBJC_IMPLEMENTATIONS = YES;
				CLANG_WARN_DIRECT_OBJC_ISA_USAGE = YES_ERROR;
				CLANG_WARN_DOCUMENTATION_COMMENTS = YES;
				CLANG_WARN_EMPTY_BODY = YES;
				CLANG_WARN_ENUM_CONVERSION = YES;
				CLANG_WARN_INFINITE_RECURSION = YES;
				CLANG_WARN_INT_CONVERSION = YES;
				CLANG_WARN_NON_LITERAL_NULL_CONVERSION = YES;
				CLANG_WARN_OBJC_IMPLICIT_RETAIN_SELF = YES;
				CLANG_WARN_OBJC_LITERAL_CONVERSION = YES;
				CLANG_WARN_OBJC_ROOT_CLASS = YES_ERROR;
				CLANG_WARN_RANGE_LOOP_ANALYSIS = YES;
				CLANG_WARN_STRICT_PROTOTYPES = YES;
				CLANG_WARN_SUSPICIOUS_MOVE = YES;
				CLANG_WARN_UNGUARDED_AVAILABILITY = YES_AGGRESSIVE;
				CLANG_WARN_UNREACHABLE_CODE = YES;
				CLANG_WARN__DUPLICATE_METHOD_MATCH = YES;
				COPY_PHASE_STRIP = NO;
				DEBUG_INFORMATION_FORMAT = dwarf;
				ENABLE_STRICT_OBJC_MSGSEND = YES;
				ENABLE_TESTABILITY = YES;
				GCC_C_LANGUAGE_STANDARD = gnu11;
				GCC_DYNAMIC_NO_PIC = NO;
				GCC_NO_COMMON_BLOCKS = YES;
				GCC_OPTIMIZATION_LEVEL = 0;
				GCC_PREPROCESSOR_DEFINITIONS = (
					"DEBUG=1",
					"$(inherited)",
				);
				GCC_WARN_64_TO_32_BIT_CONVERSION = YES;
				GCC_WARN_ABOUT_RETURN_TYPE = YES_ERROR;
				GCC_WARN_UNDECLARED_SELECTOR = YES;
				GCC_WARN_UNINITIALIZED_AUTOS = YES_AGGRESSIVE;
				GCC_WARN_UNUSED_FUNCTION = YES;
				GCC_WARN_UNUSED_VARIABLE = YES;
				IPHONEOS_DEPLOYMENT_TARGET = 13.2;
				MTL_ENABLE_DEBUG_INFO = INCLUDE_SOURCE;
				MTL_FAST_MATH = YES;
				ONLY_ACTIVE_ARCH = YES;
				SDKROOT = iphoneos;
				SWIFT_ACTIVE_COMPILATION_CONDITIONS = DEBUG;
				SWIFT_OPTIMIZATION_LEVEL = "-Onone";
			};
			name = Debug;
		};
		047204BA23D7B4E20086B7B0 /* Release */ = {
			isa = XCBuildConfiguration;
			buildSettings = {
				ALWAYS_SEARCH_USER_PATHS = NO;
				CLANG_ANALYZER_NONNULL = YES;
				CLANG_ANALYZER_NUMBER_OBJECT_CONVERSION = YES_AGGRESSIVE;
				CLANG_CXX_LANGUAGE_STANDARD = "gnu++14";
				CLANG_CXX_LIBRARY = "libc++";
				CLANG_ENABLE_MODULES = YES;
				CLANG_ENABLE_OBJC_ARC = YES;
				CLANG_ENABLE_OBJC_WEAK = YES;
				CLANG_WARN_BLOCK_CAPTURE_AUTORELEASING = YES;
				CLANG_WARN_BOOL_CONVERSION = YES;
				CLANG_WARN_COMMA = YES;
				CLANG_WARN_CONSTANT_CONVERSION = YES;
				CLANG_WARN_DEPRECATED_OBJC_IMPLEMENTATIONS = YES;
				CLANG_WARN_DIRECT_OBJC_ISA_USAGE = YES_ERROR;
				CLANG_WARN_DOCUMENTATION_COMMENTS = YES;
				CLANG_WARN_EMPTY_BODY = YES;
				CLANG_WARN_ENUM_CONVERSION = YES;
				CLANG_WARN_INFINITE_RECURSION = YES;
				CLANG_WARN_INT_CONVERSION = YES;
				CLANG_WARN_NON_LITERAL_NULL_CONVERSION = YES;
				CLANG_WARN_OBJC_IMPLICIT_RETAIN_SELF = YES;
				CLANG_WARN_OBJC_LITERAL_CONVERSION = YES;
				CLANG_WARN_OBJC_ROOT_CLASS = YES_ERROR;
				CLANG_WARN_RANGE_LOOP_ANALYSIS = YES;
				CLANG_WARN_STRICT_PROTOTYPES = YES;
				CLANG_WARN_SUSPICIOUS_MOVE = YES;
				CLANG_WARN_UNGUARDED_AVAILABILITY = YES_AGGRESSIVE;
				CLANG_WARN_UNREACHABLE_CODE = YES;
				CLANG_WARN__DUPLICATE_METHOD_MATCH = YES;
				COPY_PHASE_STRIP = NO;
				DEBUG_INFORMATION_FORMAT = "dwarf-with-dsym";
				ENABLE_NS_ASSERTIONS = NO;
				ENABLE_STRICT_OBJC_MSGSEND = YES;
				GCC_C_LANGUAGE_STANDARD = gnu11;
				GCC_NO_COMMON_BLOCKS = YES;
				GCC_WARN_64_TO_32_BIT_CONVERSION = YES;
				GCC_WARN_ABOUT_RETURN_TYPE = YES_ERROR;
				GCC_WARN_UNDECLARED_SELECTOR = YES;
				GCC_WARN_UNINITIALIZED_AUTOS = YES_AGGRESSIVE;
				GCC_WARN_UNUSED_FUNCTION = YES;
				GCC_WARN_UNUSED_VARIABLE = YES;
				IPHONEOS_DEPLOYMENT_TARGET = 13.2;
				MTL_ENABLE_DEBUG_INFO = NO;
				MTL_FAST_MATH = YES;
				SDKROOT = iphoneos;
				SWIFT_COMPILATION_MODE = wholemodule;
				SWIFT_OPTIMIZATION_LEVEL = "-O";
				VALIDATE_PRODUCT = YES;
			};
			name = Release;
		};
		047204BC23D7B4E20086B7B0 /* Debug */ = {
			isa = XCBuildConfiguration;
			baseConfigurationReference = C0FDDE332210A6FFA51DC03B /* Pods-LastFM.debug.xcconfig */;
			buildSettings = {
				ASSETCATALOG_COMPILER_APPICON_NAME = AppIcon;
				CODE_SIGN_STYLE = Automatic;
				DEVELOPMENT_ASSET_PATHS = "";
				DEVELOPMENT_TEAM = J685J65365;
				ENABLE_PREVIEWS = YES;
				INFOPLIST_FILE = LastFM/Info.plist;
				IPHONEOS_DEPLOYMENT_TARGET = 12.0;
				LD_RUNPATH_SEARCH_PATHS = (
					"$(inherited)",
					"@executable_path/Frameworks",
				);
				PRODUCT_BUNDLE_IDENTIFIER = com.ownprojects.LastFM;
				PRODUCT_NAME = "$(TARGET_NAME)";
				SWIFT_VERSION = 5.0;
				TARGETED_DEVICE_FAMILY = 1;
			};
			name = Debug;
		};
		047204BD23D7B4E20086B7B0 /* Release */ = {
			isa = XCBuildConfiguration;
			baseConfigurationReference = 91658676337EB926D6F3CA45 /* Pods-LastFM.release.xcconfig */;
			buildSettings = {
				ASSETCATALOG_COMPILER_APPICON_NAME = AppIcon;
				CODE_SIGN_STYLE = Automatic;
				DEVELOPMENT_ASSET_PATHS = "";
				DEVELOPMENT_TEAM = J685J65365;
				ENABLE_PREVIEWS = YES;
				INFOPLIST_FILE = LastFM/Info.plist;
				IPHONEOS_DEPLOYMENT_TARGET = 12.0;
				LD_RUNPATH_SEARCH_PATHS = (
					"$(inherited)",
					"@executable_path/Frameworks",
				);
				PRODUCT_BUNDLE_IDENTIFIER = com.ownprojects.LastFM;
				PRODUCT_NAME = "$(TARGET_NAME)";
				SWIFT_VERSION = 5.0;
				TARGETED_DEVICE_FAMILY = 1;
			};
			name = Release;
		};
		047204BF23D7B4E20086B7B0 /* Debug */ = {
			isa = XCBuildConfiguration;
			baseConfigurationReference = B2C8B1F076994C243A772AF8 /* Pods-LastFMTests.debug.xcconfig */;
			buildSettings = {
				ALWAYS_EMBED_SWIFT_STANDARD_LIBRARIES = YES;
				BUNDLE_LOADER = "$(TEST_HOST)";
				CODE_SIGN_STYLE = Automatic;
				DEVELOPMENT_TEAM = J685J65365;
				INFOPLIST_FILE = LastFMTests/Info.plist;
				IPHONEOS_DEPLOYMENT_TARGET = 13.2;
				LD_RUNPATH_SEARCH_PATHS = (
					"$(inherited)",
					"@executable_path/Frameworks",
					"@loader_path/Frameworks",
				);
				PRODUCT_BUNDLE_IDENTIFIER = com.ownprojects.LastFMTests;
				PRODUCT_NAME = "$(TARGET_NAME)";
				SWIFT_VERSION = 5.0;
				TARGETED_DEVICE_FAMILY = "1,2";
				TEST_HOST = "$(BUILT_PRODUCTS_DIR)/LastFM.app/LastFM";
			};
			name = Debug;
		};
		047204C023D7B4E20086B7B0 /* Release */ = {
			isa = XCBuildConfiguration;
			baseConfigurationReference = E08DA25F2911E2F23A991061 /* Pods-LastFMTests.release.xcconfig */;
			buildSettings = {
				ALWAYS_EMBED_SWIFT_STANDARD_LIBRARIES = YES;
				BUNDLE_LOADER = "$(TEST_HOST)";
				CODE_SIGN_STYLE = Automatic;
				DEVELOPMENT_TEAM = J685J65365;
				INFOPLIST_FILE = LastFMTests/Info.plist;
				IPHONEOS_DEPLOYMENT_TARGET = 13.2;
				LD_RUNPATH_SEARCH_PATHS = (
					"$(inherited)",
					"@executable_path/Frameworks",
					"@loader_path/Frameworks",
				);
				PRODUCT_BUNDLE_IDENTIFIER = com.ownprojects.LastFMTests;
				PRODUCT_NAME = "$(TARGET_NAME)";
				SWIFT_VERSION = 5.0;
				TARGETED_DEVICE_FAMILY = "1,2";
				TEST_HOST = "$(BUILT_PRODUCTS_DIR)/LastFM.app/LastFM";
			};
			name = Release;
		};
		047204C223D7B4E20086B7B0 /* Debug */ = {
			isa = XCBuildConfiguration;
			baseConfigurationReference = 2AEEC72A213B4A4AC4236AA1 /* Pods-LastFM-LastFMUITests.debug.xcconfig */;
			buildSettings = {
				ALWAYS_EMBED_SWIFT_STANDARD_LIBRARIES = YES;
				CODE_SIGN_STYLE = Automatic;
				DEVELOPMENT_TEAM = J685J65365;
				INFOPLIST_FILE = LastFMUITests/Info.plist;
				LD_RUNPATH_SEARCH_PATHS = (
					"$(inherited)",
					"@executable_path/Frameworks",
					"@loader_path/Frameworks",
				);
				PRODUCT_BUNDLE_IDENTIFIER = com.ownprojects.LastFMUITests;
				PRODUCT_NAME = "$(TARGET_NAME)";
				SWIFT_VERSION = 5.0;
				TARGETED_DEVICE_FAMILY = "1,2";
				TEST_TARGET_NAME = LastFM;
			};
			name = Debug;
		};
		047204C323D7B4E20086B7B0 /* Release */ = {
			isa = XCBuildConfiguration;
			baseConfigurationReference = BBB534B0E173B77B3AF1B96B /* Pods-LastFM-LastFMUITests.release.xcconfig */;
			buildSettings = {
				ALWAYS_EMBED_SWIFT_STANDARD_LIBRARIES = YES;
				CODE_SIGN_STYLE = Automatic;
				DEVELOPMENT_TEAM = J685J65365;
				INFOPLIST_FILE = LastFMUITests/Info.plist;
				LD_RUNPATH_SEARCH_PATHS = (
					"$(inherited)",
					"@executable_path/Frameworks",
					"@loader_path/Frameworks",
				);
				PRODUCT_BUNDLE_IDENTIFIER = com.ownprojects.LastFMUITests;
				PRODUCT_NAME = "$(TARGET_NAME)";
				SWIFT_VERSION = 5.0;
				TARGETED_DEVICE_FAMILY = "1,2";
				TEST_TARGET_NAME = LastFM;
			};
			name = Release;
		};
/* End XCBuildConfiguration section */

/* Begin XCConfigurationList section */
		0472048C23D7B4E00086B7B0 /* Build configuration list for PBXProject "LastFM" */ = {
			isa = XCConfigurationList;
			buildConfigurations = (
				047204B923D7B4E20086B7B0 /* Debug */,
				047204BA23D7B4E20086B7B0 /* Release */,
			);
			defaultConfigurationIsVisible = 0;
			defaultConfigurationName = Release;
		};
		047204BB23D7B4E20086B7B0 /* Build configuration list for PBXNativeTarget "LastFM" */ = {
			isa = XCConfigurationList;
			buildConfigurations = (
				047204BC23D7B4E20086B7B0 /* Debug */,
				047204BD23D7B4E20086B7B0 /* Release */,
			);
			defaultConfigurationIsVisible = 0;
			defaultConfigurationName = Release;
		};
		047204BE23D7B4E20086B7B0 /* Build configuration list for PBXNativeTarget "LastFMTests" */ = {
			isa = XCConfigurationList;
			buildConfigurations = (
				047204BF23D7B4E20086B7B0 /* Debug */,
				047204C023D7B4E20086B7B0 /* Release */,
			);
			defaultConfigurationIsVisible = 0;
			defaultConfigurationName = Release;
		};
		047204C123D7B4E20086B7B0 /* Build configuration list for PBXNativeTarget "LastFMUITests" */ = {
			isa = XCConfigurationList;
			buildConfigurations = (
				047204C223D7B4E20086B7B0 /* Debug */,
				047204C323D7B4E20086B7B0 /* Release */,
			);
			defaultConfigurationIsVisible = 0;
			defaultConfigurationName = Release;
		};
/* End XCConfigurationList section */
	};
	rootObject = 0472048923D7B4E00086B7B0 /* Project object */;
}
